
Microsoft Visual Studio Solution File, Format Version 12.00
Project("{2150E333-8FDC-42A3-9474-1A3956D46DE8}") = "src", "src", "{D03E58AE-B23B-41D7-96B1-AB39C13F6E6C}"
EndProject
Project("{FAE04EC0-301F-11D3-BF4B-00C04F79EFBC}") = "src\Domain", "src\Domain\Domain.csproj", "{763C868F-93F7-4226-90D3-CA017F20F59A}"
EndProject
Project("{2150E333-8FDC-42A3-9474-1A3956D46DE8}") = "test", "test", "{7E4F62AA-C1FB-411F-9684-F949D8038271}"
EndProject
Project("{FAE04EC0-301F-11D3-BF4B-00C04F79EFBC}") = "test\Domain.UnitTests", "test\Domain.UnitTests\Domain.UnitTests.csproj", "{49C39965-4283-4847-8CDD-EEA503062F3B}"
EndProject
Global
	GlobalSection(SolutionConfigurationPlatforms) = preSolution
		Debug|Any CPU = Debug|Any CPU
		Release|Any CPU = Release|Any CPU
	EndGlobalSection
	GlobalSection(NestedProjects) = preSolution
		{763C868F-93F7-4226-90D3-CA017F20F59A} = {D03E58AE-B23B-41D7-96B1-AB39C13F6E6C}
		{49C39965-4283-4847-8CDD-EEA503062F3B} = {7E4F62AA-C1FB-411F-9684-F949D8038271}
	EndGlobalSection
	GlobalSection(ProjectConfigurationPlatforms) = postSolution
		{763C868F-93F7-4226-90D3-CA017F20F59A}.Debug|Any CPU.ActiveCfg = Debug|Any CPU
		{763C868F-93F7-4226-90D3-CA017F20F59A}.Debug|Any CPU.Build.0 = Debug|Any CPU
		{763C868F-93F7-4226-90D3-CA017F20F59A}.Release|Any CPU.ActiveCfg = Release|Any CPU
		{763C868F-93F7-4226-90D3-CA017F20F59A}.Release|Any CPU.Build.0 = Release|Any CPU
		{49C39965-4283-4847-8CDD-EEA503062F3B}.Debug|Any CPU.ActiveCfg = Debug|Any CPU
		{49C39965-4283-4847-8CDD-EEA503062F3B}.Debug|Any CPU.Build.0 = Debug|Any CPU
		{49C39965-4283-4847-8CDD-EEA503062F3B}.Release|Any CPU.ActiveCfg = Release|Any CPU
		{49C39965-4283-4847-8CDD-EEA503062F3B}.Release|Any CPU.Build.0 = Release|Any CPU
	EndGlobalSection
EndGlobal
